Microsoft Visual Studio Solution File, Format Version 12.00
# Visual Studio Version 17
VisualStudioVersion = 17.13.35828.75
MinimumVisualStudioVersion = 10.0.40219.1
Project("{54A90642-561A-4BB1-A94E-469ADEE60C69}") = "react_lawyer.client", "React_Lawyer\react_lawyer.client\react_lawyer.client.esproj", "{3438B8E9-4E51-CAC0-8AB8-AFC36D32C3C2}"
EndProject
Project("{FAE04EC0-301F-11D3-BF4B-00C04F79EFBC}") = "React_Lawyer.Server", "React_Lawyer\React_Lawyer.Server\React_Lawyer.Server.csproj", "{1B83007A-97C5-4F0C-8B13-0C69CCA5E155}"
EndProject
Project("{2150E333-8FDC-42A3-9474-1A3956D46DE8}") = "nginx", "nginx", "{02EA681E-C7D8-13C7-8484-4AC65E1B71E8}"
EndProject
Project("{2150E333-8FDC-42A3-9474-1A3956D46DE8}") = "ssl", "ssl", "{F0DEDD37-19FB-4C32-880E-029540A20C19}"
EndProject
Project("{2150E333-8FDC-42A3-9474-1A3956D46DE8}") = "logs", "logs", "{5A31252A-A3E4-4D80-B876-92FBBFA3AAF3}"
EndProject
Project("{2150E333-8FDC-42A3-9474-1A3956D46DE8}") = "conf.d", "conf.d", "{1B884825-FB2E-4E78-A424-D234171CCB5B}"
	ProjectSection(SolutionItems) = preProject
		default.conf = default.conf
		ssl.conf = ssl.conf
	EndProjectSection
EndProject
Project("{E53339B2-1760-4266-BCC7-CA923CBCF16C}") = "docker-compose", "docker-compose.dcproj", "{81DDED9D-158B-E303-5F62-77A2896D2A5A}"
EndProject
Project("{FAE04EC0-301F-11D3-BF4B-00C04F79EFBC}") = "React_Lawyer.DocumentGenerator", "React_Lawyer\React_Lawyer.DocumentGenerator\React_Lawyer.DocumentGenerator.csproj", "{9F36E319-5DE7-476F-9AC6-BED3054F3374}"
EndProject
Project("{2150E333-8FDC-42A3-9474-1A3956D46DE8}") = "www", "www", "{D105C66E-7FEE-4D06-82E9-2704C5AD5D9B}"
EndProject
Project("{54A90642-561A-4BB1-A94E-469ADEE60C69}") = "react_mangati.client", "React_Mangati\react_mangati.client\react_mangati.client.esproj", "{3B609539-3EF6-32FA-1DAA-99987BCA2DC5}"
EndProject
Project("{FAE04EC0-301F-11D3-BF4B-00C04F79EFBC}") = "React_Mangati.Server", "React_Mangati\React_Mangati.Server\React_Mangati.Server.csproj", "{08A9F1BE-6994-41CA-AFA1-931BBCA9BB04}"
EndProject
Project("{54A90642-561A-4BB1-A94E-469ADEE60C69}") = "react_rentify.client", "React_Rentify\react_rentify.client\react_rentify.client.esproj", "{8B6F8E5F-BAA1-2789-DA57-2795AF45B392}"
EndProject
Project("{FAE04EC0-301F-11D3-BF4B-00C04F79EFBC}") = "React_Rentify.Server", "React_Rentify\React_Rentify.Server\React_Rentify.Server.csproj", "{066346EF-689B-4303-8243-2BD57AB8B318}"
EndProject
Project("{FAE04EC0-301F-11D3-BF4B-00C04F79EFBC}") = "Rentify_GPS_Service_Worker", "Rentify_GPS_Service_Worker\Rentify_GPS_Service_Worker.csproj", "{EA99001C-A494-4FB4-9B39-55D8F306D316}"
EndProject
Project("{54A90642-561A-4BB1-A94E-469ADEE60C69}") = "react_identity.client", "React_Identity\react_identity.client\react_identity.client.esproj", "{CCD7DD90-DCAF-756B-991F-822001773681}"
EndProject
Project("{FAE04EC0-301F-11D3-BF4B-00C04F79EFBC}") = "React_Identity.Server", "React_Identity\React_Identity.Server\React_Identity.Server.csproj", "{BDA9BEC0-7EA1-4257-A2F8-69AAB8BC503C}"
EndProject
Project("{54A90642-561A-4BB1-A94E-469ADEE60C69}") = "react_virtuello.client", "React_Virtuello\react_virtuello.client\react_virtuello.client.esproj", "{DF054274-F17E-86EE-6E65-487EE27EAF93}"
EndProject
Project("{FAE04EC0-301F-11D3-BF4B-00C04F79EFBC}") = "React_Virtuello.Server", "React_Virtuello\React_Virtuello.Server\React_Virtuello.Server.csproj", "{E77D07A9-473F-4E0B-B494-8EE267C86187}"
EndProject
Project("{54A90642-561A-4BB1-A94E-469ADEE60C69}") = "Backup_Service", "Backup_Service\Backup_Service.esproj", "{F0510460-BFC2-8137-594C-1FE4EE3D3914}"
EndProject
Global
	GlobalSection(SolutionConfigurationPlatforms) = preSolution
		Debug|Any CPU = Debug|Any CPU
		Release|Any CPU = Release|Any CPU
	EndGlobalSection
	GlobalSection(ProjectConfigurationPlatforms) = postSolution
		{3438B8E9-4E51-CAC0-8AB8-AFC36D32C3C2}.Debug|Any CPU.ActiveCfg = Debug|Any CPU
		{3438B8E9-4E51-CAC0-8AB8-AFC36D32C3C2}.Debug|Any CPU.Build.0 = Debug|Any CPU
		{3438B8E9-4E51-CAC0-8AB8-AFC36D32C3C2}.Debug|Any CPU.Deploy.0 = Debug|Any CPU
		{3438B8E9-4E51-CAC0-8AB8-AFC36D32C3C2}.Release|Any CPU.ActiveCfg = Release|Any CPU
		{3438B8E9-4E51-CAC0-8AB8-AFC36D32C3C2}.Release|Any CPU.Build.0 = Release|Any CPU
		{3438B8E9-4E51-CAC0-8AB8-AFC36D32C3C2}.Release|Any CPU.Deploy.0 = Release|Any CPU
		{1B83007A-97C5-4F0C-8B13-0C69CCA5E155}.Debug|Any CPU.ActiveCfg = Debug|Any CPU
		{1B83007A-97C5-4F0C-8B13-0C69CCA5E155}.Debug|Any CPU.Build.0 = Debug|Any CPU
		{1B83007A-97C5-4F0C-8B13-0C69CCA5E155}.Release|Any CPU.ActiveCfg = Release|Any CPU
		{1B83007A-97C5-4F0C-8B13-0C69CCA5E155}.Release|Any CPU.Build.0 = Release|Any CPU
		{81DDED9D-158B-E303-5F62-77A2896D2A5A}.Debug|Any CPU.ActiveCfg = Debug|Any CPU
		{81DDED9D-158B-E303-5F62-77A2896D2A5A}.Debug|Any CPU.Build.0 = Debug|Any CPU
		{81DDED9D-158B-E303-5F62-77A2896D2A5A}.Release|Any CPU.ActiveCfg = Release|Any CPU
		{81DDED9D-158B-E303-5F62-77A2896D2A5A}.Release|Any CPU.Build.0 = Release|Any CPU
		{9F36E319-5DE7-476F-9AC6-BED3054F3374}.Debug|Any CPU.ActiveCfg = Debug|Any CPU
		{9F36E319-5DE7-476F-9AC6-BED3054F3374}.Debug|Any CPU.Build.0 = Debug|Any CPU
		{9F36E319-5DE7-476F-9AC6-BED3054F3374}.Release|Any CPU.ActiveCfg = Release|Any CPU
		{9F36E319-5DE7-476F-9AC6-BED3054F3374}.Release|Any CPU.Build.0 = Release|Any CPU
		{3B609539-3EF6-32FA-1DAA-99987BCA2DC5}.Debug|Any CPU.ActiveCfg = Debug|Any CPU
		{3B609539-3EF6-32FA-1DAA-99987BCA2DC5}.Debug|Any CPU.Build.0 = Debug|Any CPU
		{3B609539-3EF6-32FA-1DAA-99987BCA2DC5}.Debug|Any CPU.Deploy.0 = Debug|Any CPU
		{3B609539-3EF6-32FA-1DAA-99987BCA2DC5}.Release|Any CPU.ActiveCfg = Release|Any CPU
		{3B609539-3EF6-32FA-1DAA-99987BCA2DC5}.Release|Any CPU.Build.0 = Release|Any CPU
		{3B609539-3EF6-32FA-1DAA-99987BCA2DC5}.Release|Any CPU.Deploy.0 = Release|Any CPU
		{08A9F1BE-6994-41CA-AFA1-931BBCA9BB04}.Debug|Any CPU.ActiveCfg = Debug|Any CPU
		{08A9F1BE-6994-41CA-AFA1-931BBCA9BB04}.Debug|Any CPU.Build.0 = Debug|Any CPU
		{08A9F1BE-6994-41CA-AFA1-931BBCA9BB04}.Release|Any CPU.ActiveCfg = Release|Any CPU
		{08A9F1BE-6994-41CA-AFA1-931BBCA9BB04}.Release|Any CPU.Build.0 = Release|Any CPU
		{8B6F8E5F-BAA1-2789-DA57-2795AF45B392}.Debug|Any CPU.ActiveCfg = Debug|Any CPU
		{8B6F8E5F-BAA1-2789-DA57-2795AF45B392}.Debug|Any CPU.Build.0 = Debug|Any CPU
		{8B6F8E5F-BAA1-2789-DA57-2795AF45B392}.Debug|Any CPU.Deploy.0 = Debug|Any CPU
		{8B6F8E5F-BAA1-2789-DA57-2795AF45B392}.Release|Any CPU.ActiveCfg = Release|Any CPU
		{8B6F8E5F-BAA1-2789-DA57-2795AF45B392}.Release|Any CPU.Build.0 = Release|Any CPU
		{8B6F8E5F-BAA1-2789-DA57-2795AF45B392}.Release|Any CPU.Deploy.0 = Release|Any CPU
		{066346EF-689B-4303-8243-2BD57AB8B318}.Debug|Any CPU.ActiveCfg = Debug|Any CPU
		{066346EF-689B-4303-8243-2BD57AB8B318}.Debug|Any CPU.Build.0 = Debug|Any CPU
		{066346EF-689B-4303-8243-2BD57AB8B318}.Release|Any CPU.ActiveCfg = Release|Any CPU
		{066346EF-689B-4303-8243-2BD57AB8B318}.Release|Any CPU.Build.0 = Release|Any CPU
		{EA99001C-A494-4FB4-9B39-55D8F306D316}.Debug|Any CPU.ActiveCfg = Debug|Any CPU
		{EA99001C-A494-4FB4-9B39-55D8F306D316}.Debug|Any CPU.Build.0 = Debug|Any CPU
		{EA99001C-A494-4FB4-9B39-55D8F306D316}.Release|Any CPU.ActiveCfg = Release|Any CPU
		{EA99001C-A494-4FB4-9B39-55D8F306D316}.Release|Any CPU.Build.0 = Release|Any CPU
		{CCD7DD90-DCAF-756B-991F-822001773681}.Debug|Any CPU.ActiveCfg = Debug|Any CPU
		{CCD7DD90-DCAF-756B-991F-822001773681}.Debug|Any CPU.Build.0 = Debug|Any CPU
		{CCD7DD90-DCAF-756B-991F-822001773681}.Debug|Any CPU.Deploy.0 = Debug|Any CPU
		{CCD7DD90-DCAF-756B-991F-822001773681}.Release|Any CPU.ActiveCfg = Release|Any CPU
		{CCD7DD90-DCAF-756B-991F-822001773681}.Release|Any CPU.Build.0 = Release|Any CPU
		{CCD7DD90-DCAF-756B-991F-822001773681}.Release|Any CPU.Deploy.0 = Release|Any CPU
		{BDA9BEC0-7EA1-4257-A2F8-69AAB8BC503C}.Debug|Any CPU.ActiveCfg = Debug|Any CPU
		{BDA9BEC0-7EA1-4257-A2F8-69AAB8BC503C}.Debug|Any CPU.Build.0 = Debug|Any CPU
		{BDA9BEC0-7EA1-4257-A2F8-69AAB8BC503C}.Release|Any CPU.ActiveCfg = Release|Any CPU
		{BDA9BEC0-7EA1-4257-A2F8-69AAB8BC503C}.Release|Any CPU.Build.0 = Release|Any CPU
		{DF054274-F17E-86EE-6E65-487EE27EAF93}.Debug|Any CPU.ActiveCfg = Debug|Any CPU
		{DF054274-F17E-86EE-6E65-487EE27EAF93}.Debug|Any CPU.Build.0 = Debug|Any CPU
		{DF054274-F17E-86EE-6E65-487EE27EAF93}.Debug|Any CPU.Deploy.0 = Debug|Any CPU
		{DF054274-F17E-86EE-6E65-487EE27EAF93}.Release|Any CPU.ActiveCfg = Release|Any CPU
		{DF054274-F17E-86EE-6E65-487EE27EAF93}.Release|Any CPU.Build.0 = Release|Any CPU
		{DF054274-F17E-86EE-6E65-487EE27EAF93}.Release|Any CPU.Deploy.0 = Release|Any CPU
		{E77D07A9-473F-4E0B-B494-8EE267C86187}.Debug|Any CPU.ActiveCfg = Debug|Any CPU
		{E77D07A9-473F-4E0B-B494-8EE267C86187}.Debug|Any CPU.Build.0 = Debug|Any CPU
		{E77D07A9-473F-4E0B-B494-8EE267C86187}.Release|Any CPU.ActiveCfg = Release|Any CPU
		{E77D07A9-473F-4E0B-B494-8EE267C86187}.Release|Any CPU.Build.0 = Release|Any CPU
		{F0510460-BFC2-8137-594C-1FE4EE3D3914}.Debug|Any CPU.ActiveCfg = Debug|Any CPU
		{F0510460-BFC2-8137-594C-1FE4EE3D3914}.Debug|Any CPU.Build.0 = Debug|Any CPU
		{F0510460-BFC2-8137-594C-1FE4EE3D3914}.Debug|Any CPU.Deploy.0 = Debug|Any CPU
		{F0510460-BFC2-8137-594C-1FE4EE3D3914}.Release|Any CPU.ActiveCfg = Release|Any CPU
		{F0510460-BFC2-8137-594C-1FE4EE3D3914}.Release|Any CPU.Build.0 = Release|Any CPU
		{F0510460-BFC2-8137-594C-1FE4EE3D3914}.Release|Any CPU.Deploy.0 = Release|Any CPU
	EndGlobalSection
	GlobalSection(SolutionProperties) = preSolution
		HideSolutionNode = FALSE
	EndGlobalSection
	GlobalSection(NestedProjects) = preSolution
		{F0DEDD37-19FB-4C32-880E-029540A20C19} = {02EA681E-C7D8-13C7-8484-4AC65E1B71E8}
		{5A31252A-A3E4-4D80-B876-92FBBFA3AAF3} = {02EA681E-C7D8-13C7-8484-4AC65E1B71E8}
		{1B884825-FB2E-4E78-A424-D234171CCB5B} = {02EA681E-C7D8-13C7-8484-4AC65E1B71E8}
		{D105C66E-7FEE-4D06-82E9-2704C5AD5D9B} = {02EA681E-C7D8-13C7-8484-4AC65E1B71E8}
	EndGlobalSection
	GlobalSection(ExtensibilityGlobals) = postSolution
		SolutionGuid = {7705D36B-1351-4295-9C84-DBAE3325E379}
	EndGlobalSection
EndGlobal
